
Microsoft Visual Studio Solution File, Format Version 12.00
# Visual Studio Version 17
VisualStudioVersion = 17.2.32516.85
MinimumVisualStudioVersion = 10.0.40219.1
Project("{FAE04EC0-301F-11D3-BF4B-00C04F79EFBC}") = "arariboia2", "arariboia2\arariboia2.csproj", "{BA344CA2-C374-414A-8251-F2B6B097F8B0}"
EndProject
Global
	GlobalSection(SolutionConfigurationPlatforms) = preSolution
		Debug|Any CPU = Debug|Any CPU
		Release|Any CPU = Release|Any CPU
	EndGlobalSection
	GlobalSection(ProjectConfigurationPlatforms) = postSolution
		{BA344CA2-C374-414A-8251-F2B6B097F8B0}.Debug|Any CPU.ActiveCfg = Debug|Any CPU
		{BA344CA2-C374-414A-8251-F2B6B097F8B0}.Debug|Any CPU.Build.0 = Debug|Any CPU
		{BA344CA2-C374-414A-8251-F2B6B097F8B0}.Release|Any CPU.ActiveCfg = Release|Any CPU
		{BA344CA2-C374-414A-8251-F2B6B097F8B0}.Release|Any CPU.Build.0 = Release|Any CPU
	EndGlobalSection
	GlobalSection(SolutionProperties) = preSolution
		HideSolutionNode = FALSE
	EndGlobalSection
	GlobalSection(ExtensibilityGlobals) = postSolution
		SolutionGuid = {1E7BB76D-EA98-409E-8505-7BEDD0B5EB8B}
	EndGlobalSection
EndGlobal
